{
  "requires": true,
  "lockfileVersion": 1,
  "dependencies": {
    "jquery": {
      "version": "1.12.4",
      "resolved": "https://registry.npmjs.org/jquery/-/jquery-1.12.4.tgz",
      "integrity": "sha1-AeHfuikP5z3rp3zurLD5ui/sngw="
    },
    "jquery-ui": {
      "version": "1.12.1",
      "resolved": "https://registry.npmjs.org/jquery-ui/-/jquery-ui-1.12.1.tgz",
      "integrity": "sha1-vLQEXI3QU5wTS8FIjN0+dop6nlE="
    },
    "rangeslider-pure": {
      "version": "0.4.11",
      "resolved": "https://registry.npmjs.org/rangeslider-pure/-/rangeslider-pure-0.4.11.tgz",
      "integrity": "sha512-/dI1OFYj4chJuIUiUc3XlefSTDff8mAQyE0Yjke4Ozta+GsOtZaSV2U5AkUTFmE0ngMKYb23h5G1iAUJ5o8C8w=="
    }
  }
}
