{
  "requires": true,
  "lockfileVersion": 1,
  "dependencies": {
    "rangeslider-pure": {
      "version": "0.4.11",
      "resolved": "https://registry.npmjs.org/rangeslider-pure/-/rangeslider-pure-0.4.11.tgz",
      "integrity": "sha512-/dI1OFYj4chJuIUiUc3XlefSTDff8mAQyE0Yjke4Ozta+GsOtZaSV2U5AkUTFmE0ngMKYb23h5G1iAUJ5o8C8w=="
    }
  }
}
